// !$*UTF8*$!
{
	archiveVersion = 1;
	classes = {
	};
	objectVersion = 50;
	objects = {

/* Begin PBXBuildFile section */
		AB4D58EB268E5AF50069F1B9 /* ExtensionsViewController.swift in Sources */ = {isa = PBXBuildFile; fileRef = AB4D58EA268E5AF50069F1B9 /* ExtensionsViewController.swift */; };
		AB4D58ED268E5B940069F1B9 /* Extensions.swift in Sources */ = {isa = PBXBuildFile; fileRef = AB4D58EC268E5B940069F1B9 /* Extensions.swift */; };
		AB4D58EF268E5C810069F1B9 /* SetupTextFields.swift in Sources */ = {isa = PBXBuildFile; fileRef = AB4D58EE268E5C810069F1B9 /* SetupTextFields.swift */; };
		AB4D58F1268E5E9F0069F1B9 /* SetupButton.swift in Sources */ = {isa = PBXBuildFile; fileRef = AB4D58F0268E5E9F0069F1B9 /* SetupButton.swift */; };
		AB4D58F3268E6DB00069F1B9 /* EdgeInsetLabel.swift in Sources */ = {isa = PBXBuildFile; fileRef = AB4D58F2268E6DB00069F1B9 /* EdgeInsetLabel.swift */; };
		AB77C822268DC14300A7B986 /* AppDelegate.swift in Sources */ = {isa = PBXBuildFile; fileRef = AB77C821268DC14300A7B986 /* AppDelegate.swift */; };
		AB77C824268DC14300A7B986 /* SceneDelegate.swift in Sources */ = {isa = PBXBuildFile; fileRef = AB77C823268DC14300A7B986 /* SceneDelegate.swift */; };
		AB77C826268DC14300A7B986 /* ViewController.swift in Sources */ = {isa = PBXBuildFile; fileRef = AB77C825268DC14300A7B986 /* ViewController.swift */; };
		AB77C82B268DC15000A7B986 /* Assets.xcassets in Resources */ = {isa = PBXBuildFile; fileRef = AB77C82A268DC15000A7B986 /* Assets.xcassets */; };
		AB77C82E268DC15000A7B986 /* LaunchScreen.storyboard in Resources */ = {isa = PBXBuildFile; fileRef = AB77C82C268DC15000A7B986 /* LaunchScreen.storyboard */; };
		AB77C838268DC50200A7B986 /* NavigationBarLabel.swift in Sources */ = {isa = PBXBuildFile; fileRef = AB77C837268DC50200A7B986 /* NavigationBarLabel.swift */; };
		AB77C83A268DD66C00A7B986 /* NavigationBarSetup.swift in Sources */ = {isa = PBXBuildFile; fileRef = AB77C839268DD66C00A7B986 /* NavigationBarSetup.swift */; };
		AB77C83E268DE92200A7B986 /* Main.storyboard in Resources */ = {isa = PBXBuildFile; fileRef = AB77C83D268DE92200A7B986 /* Main.storyboard */; };
		AB77C840268DED5D00A7B986 /* TableViewCell.swift in Sources */ = {isa = PBXBuildFile; fileRef = AB77C83F268DED5D00A7B986 /* TableViewCell.swift */; };
		AB77C843268E3B2900A7B986 /* TimerModel.swift in Sources */ = {isa = PBXBuildFile; fileRef = AB77C842268E3B2900A7B986 /* TimerModel.swift */; };
/* End PBXBuildFile section */

/* Begin PBXFileReference section */
		AB4D58EA268E5AF50069F1B9 /* ExtensionsViewController.swift */ = {isa = PBXFileReference; lastKnownFileType = sourcecode.swift; path = ExtensionsViewController.swift; sourceTree = "<group>"; };
		AB4D58EC268E5B940069F1B9 /* Extensions.swift */ = {isa = PBXFileReference; lastKnownFileType = sourcecode.swift; path = Extensions.swift; sourceTree = "<group>"; };
		AB4D58EE268E5C810069F1B9 /* SetupTextFields.swift */ = {isa = PBXFileReference; lastKnownFileType = sourcecode.swift; path = SetupTextFields.swift; sourceTree = "<group>"; };
		AB4D58F0268E5E9F0069F1B9 /* SetupButton.swift */ = {isa = PBXFileReference; lastKnownFileType = sourcecode.swift; path = SetupButton.swift; sourceTree = "<group>"; };
		AB4D58F2268E6DB00069F1B9 /* EdgeInsetLabel.swift */ = {isa = PBXFileReference; lastKnownFileType = sourcecode.swift; path = EdgeInsetLabel.swift; sourceTree = "<group>"; };
		AB77C81E268DC14300A7B986 /* TestTaskTimer.app */ = {isa = PBXFileReference; explicitFileType = wrapper.application; includeInIndex = 0; path = TestTaskTimer.app; sourceTree = BUILT_PRODUCTS_DIR; };
		AB77C821268DC14300A7B986 /* AppDelegate.swift */ = {isa = PBXFileReference; lastKnownFileType = sourcecode.swift; path = AppDelegate.swift; sourceTree = "<group>"; };
		AB77C823268DC14300A7B986 /* SceneDelegate.swift */ = {isa = PBXFileReference; lastKnownFileType = sourcecode.swift; path = SceneDelegate.swift; sourceTree = "<group>"; };
		AB77C825268DC14300A7B986 /* ViewController.swift */ = {isa = PBXFileReference; lastKnownFileType = sourcecode.swift; path = ViewController.swift; sourceTree = "<group>"; };
		AB77C82A268DC15000A7B986 /* Assets.xcassets */ = {isa = PBXFileReference; lastKnownFileType = folder.assetcatalog; path = Assets.xcassets; sourceTree = "<group>"; };
		AB77C82D268DC15000A7B986 /* Base */ = {isa = PBXFileReference; lastKnownFileType = file.storyboard; name = Base; path = Base.lproj/LaunchScreen.storyboard; sourceTree = "<group>"; };
		AB77C82F268DC15000A7B986 /* Info.plist */ = {isa = PBXFileReference; lastKnownFileType = text.plist.xml; path = Info.plist; sourceTree = "<group>"; };
		AB77C837268DC50200A7B986 /* NavigationBarLabel.swift */ = {isa = PBXFileReference; lastKnownFileType = sourcecode.swift; path = NavigationBarLabel.swift; sourceTree = "<group>"; };
		AB77C839268DD66C00A7B986 /* NavigationBarSetup.swift */ = {isa = PBXFileReference; lastKnownFileType = sourcecode.swift; path = NavigationBarSetup.swift; sourceTree = "<group>"; };
		AB77C83D268DE92200A7B986 /* Main.storyboard */ = {isa = PBXFileReference; lastKnownFileType = file.storyboard; path = Main.storyboard; sourceTree = "<group>"; };
		AB77C83F268DED5D00A7B986 /* TableViewCell.swift */ = {isa = PBXFileReference; lastKnownFileType = sourcecode.swift; path = TableViewCell.swift; sourceTree = "<group>"; };
		AB77C842268E3B2900A7B986 /* TimerModel.swift */ = {isa = PBXFileReference; lastKnownFileType = sourcecode.swift; path = TimerModel.swift; sourceTree = "<group>"; };
/* End PBXFileReference section */

/* Begin PBXFrameworksBuildPhase section */
		AB77C81B268DC14300A7B986 /* Frameworks */ = {
			isa = PBXFrameworksBuildPhase;
			buildActionMask = 2147483647;
			files = (
			);
			runOnlyForDeploymentPostprocessing = 0;
		};
/* End PBXFrameworksBuildPhase section */

/* Begin PBXGroup section */
		AB77C815268DC14300A7B986 = {
			isa = PBXGroup;
			children = (
				AB77C820268DC14300A7B986 /* TestTaskTimer */,
				AB77C81F268DC14300A7B986 /* Products */,
			);
			sourceTree = "<group>";
		};
		AB77C81F268DC14300A7B986 /* Products */ = {
			isa = PBXGroup;
			children = (
				AB77C81E268DC14300A7B986 /* TestTaskTimer.app */,
			);
			name = Products;
			sourceTree = "<group>";
		};
		AB77C820268DC14300A7B986 /* TestTaskTimer */ = {
			isa = PBXGroup;
			children = (
				AB77C841268E3B0200A7B986 /* Models */,
				AB77C835268DC4BF00A7B986 /* Controllers */,
				AB77C836268DC4CD00A7B986 /* Views */,
				AB77C821268DC14300A7B986 /* AppDelegate.swift */,
				AB4D58EC268E5B940069F1B9 /* Extensions.swift */,
				AB77C83D268DE92200A7B986 /* Main.storyboard */,
				AB77C823268DC14300A7B986 /* SceneDelegate.swift */,
				AB77C82A268DC15000A7B986 /* Assets.xcassets */,
				AB77C82C268DC15000A7B986 /* LaunchScreen.storyboard */,
				AB77C82F268DC15000A7B986 /* Info.plist */,
			);
			path = TestTaskTimer;
			sourceTree = "<group>";
		};
		AB77C835268DC4BF00A7B986 /* Controllers */ = {
			isa = PBXGroup;
			children = (
				AB77C825268DC14300A7B986 /* ViewController.swift */,
				AB4D58EA268E5AF50069F1B9 /* ExtensionsViewController.swift */,
				AB77C83F268DED5D00A7B986 /* TableViewCell.swift */,
			);
			path = Controllers;
			sourceTree = "<group>";
		};
		AB77C836268DC4CD00A7B986 /* Views */ = {
			isa = PBXGroup;
			children = (
				AB77C837268DC50200A7B986 /* NavigationBarLabel.swift */,
				AB4D58F2268E6DB00069F1B9 /* EdgeInsetLabel.swift */,
				AB77C839268DD66C00A7B986 /* NavigationBarSetup.swift */,
				AB4D58EE268E5C810069F1B9 /* SetupTextFields.swift */,
				AB4D58F0268E5E9F0069F1B9 /* SetupButton.swift */,
			);
			path = Views;
			sourceTree = "<group>";
		};
		AB77C841268E3B0200A7B986 /* Models */ = {
			isa = PBXGroup;
			children = (
				AB77C842268E3B2900A7B986 /* TimerModel.swift */,
			);
			path = Models;
			sourceTree = "<group>";
		};
/* End PBXGroup section */

/* Begin PBXNativeTarget section */
		AB77C81D268DC14300A7B986 /* TestTaskTimer */ = {
			isa = PBXNativeTarget;
			buildConfigurationList = AB77C832268DC15000A7B986 /* Build configuration list for PBXNativeTarget "TestTaskTimer" */;
			buildPhases = (
				AB77C81A268DC14300A7B986 /* Sources */,
				AB77C81B268DC14300A7B986 /* Frameworks */,
				AB77C81C268DC14300A7B986 /* Resources */,
			);
			buildRules = (
			);
			dependencies = (
			);
			name = TestTaskTimer;
			productName = TestTaskTimer;
			productReference = AB77C81E268DC14300A7B986 /* TestTaskTimer.app */;
			productType = "com.apple.product-type.application";
		};
/* End PBXNativeTarget section */

/* Begin PBXProject section */
		AB77C816268DC14300A7B986 /* Project object */ = {
			isa = PBXProject;
			attributes = {
				LastSwiftUpdateCheck = 1250;
				LastUpgradeCheck = 1250;
				TargetAttributes = {
					AB77C81D268DC14300A7B986 = {
						CreatedOnToolsVersion = 12.5.1;
					};
				};
			};
			buildConfigurationList = AB77C819268DC14300A7B986 /* Build configuration list for PBXProject "TestTaskTimer" */;
			compatibilityVersion = "Xcode 9.3";
			developmentRegion = en;
			hasScannedForEncodings = 0;
			knownRegions = (
				en,
				Base,
			);
			mainGroup = AB77C815268DC14300A7B986;
			productRefGroup = AB77C81F268DC14300A7B986 /* Products */;
			projectDirPath = "";
			projectRoot = "";
			targets = (
				AB77C81D268DC14300A7B986 /* TestTaskTimer */,
			);
		};
/* End PBXProject section */

/* Begin PBXResourcesBuildPhase section */
		AB77C81C268DC14300A7B986 /* Resources */ = {
			isa = PBXResourcesBuildPhase;
			buildActionMask = 2147483647;
			files = (
				AB77C83E268DE92200A7B986 /* Main.storyboard in Resources */,
				AB77C82E268DC15000A7B986 /* LaunchScreen.storyboard in Resources */,
				AB77C82B268DC15000A7B986 /* Assets.xcassets in Resources */,
			);
			runOnlyForDeploymentPostprocessing = 0;
		};
/* End PBXResourcesBuildPhase section */

/* Begin PBXSourcesBuildPhase section */
		AB77C81A268DC14300A7B986 /* Sources */ = {
			isa = PBXSourcesBuildPhase;
			buildActionMask = 2147483647;
			files = (
				AB4D58EB268E5AF50069F1B9 /* ExtensionsViewController.swift in Sources */,
				AB4D58ED268E5B940069F1B9 /* Extensions.swift in Sources */,
				AB77C83A268DD66C00A7B986 /* NavigationBarSetup.swift in Sources */,
				AB4D58F3268E6DB00069F1B9 /* EdgeInsetLabel.swift in Sources */,
				AB77C838268DC50200A7B986 /* NavigationBarLabel.swift in Sources */,
				AB77C826268DC14300A7B986 /* ViewController.swift in Sources */,
				AB4D58EF268E5C810069F1B9 /* SetupTextFields.swift in Sources */,
				AB77C822268DC14300A7B986 /* AppDelegate.swift in Sources */,
				AB77C843268E3B2900A7B986 /* TimerModel.swift in Sources */,
				AB77C840268DED5D00A7B986 /* TableViewCell.swift in Sources */,
				AB4D58F1268E5E9F0069F1B9 /* SetupButton.swift in Sources */,
				AB77C824268DC14300A7B986 /* SceneDelegate.swift in Sources */,
			);
			runOnlyForDeploymentPostprocessing = 0;
		};
/* End PBXSourcesBuildPhase section */

/* Begin PBXVariantGroup section */
		AB77C82C268DC15000A7B986 /* LaunchScreen.storyboard */ = {
			isa = PBXVariantGroup;
			children = (
				AB77C82D268DC15000A7B986 /* Base */,
			);
			name = LaunchScreen.storyboard;
			sourceTree = "<group>";
		};
/* End PBXVariantGroup section */

/* Begin XCBuildConfiguration section */
		AB77C830268DC15000A7B986 /* Debug */ = {
			isa = XCBuildConfiguration;
			buildSettings = {
				ALWAYS_SEARCH_USER_PATHS = NO;
				CLANG_ANALYZER_NONNULL = YES;
				CLANG_ANALYZER_NUMBER_OBJECT_CONVERSION = YES_AGGRESSIVE;
				CLANG_CXX_LANGUAGE_STANDARD = "gnu++14";
				CLANG_CXX_LIBRARY = "libc++";
				CLANG_ENABLE_MODULES = YES;
				CLANG_ENABLE_OBJC_ARC = YES;
				CLANG_ENABLE_OBJC_WEAK = YES;
				CLANG_WARN_BLOCK_CAPTURE_AUTORELEASING = YES;
				CLANG_WARN_BOOL_CONVERSION = YES;
				CLANG_WARN_COMMA = YES;
				CLANG_WARN_CONSTANT_CONVERSION = YES;
				CLANG_WARN_DEPRECATED_OBJC_IMPLEMENTATIONS = YES;
				CLANG_WARN_DIRECT_OBJC_ISA_USAGE = YES_ERROR;
				CLANG_WARN_DOCUMENTATION_COMMENTS = YES;
				CLANG_WARN_EMPTY_BODY = YES;
				CLANG_WARN_ENUM_CONVERSION = YES;
				CLANG_WARN_INFINITE_RECURSION = YES;
				CLANG_WARN_INT_CONVERSION = YES;
				CLANG_WARN_NON_LITERAL_NULL_CONVERSION = YES;
				CLANG_WARN_OBJC_IMPLICIT_RETAIN_SELF = YES;
				CLANG_WARN_OBJC_LITERAL_CONVERSION = YES;
				CLANG_WARN_OBJC_ROOT_CLASS = YES_ERROR;
				CLANG_WARN_QUOTED_INCLUDE_IN_FRAMEWORK_HEADER = YES;
				CLANG_WARN_RANGE_LOOP_ANALYSIS = YES;
				CLANG_WARN_STRICT_PROTOTYPES = YES;
				CLANG_WARN_SUSPICIOUS_MOVE = YES;
				CLANG_WARN_UNGUARDED_AVAILABILITY = YES_AGGRESSIVE;
				CLANG_WARN_UNREACHABLE_CODE = YES;
				CLANG_WARN__DUPLICATE_METHOD_MATCH = YES;
				COPY_PHASE_STRIP = NO;
				DEBUG_INFORMATION_FORMAT = dwarf;
				ENABLE_STRICT_OBJC_MSGSEND = YES;
				ENABLE_TESTABILITY = YES;
				GCC_C_LANGUAGE_STANDARD = gnu11;
				GCC_DYNAMIC_NO_PIC = NO;
				GCC_NO_COMMON_BLOCKS = YES;
				GCC_OPTIMIZATION_LEVEL = 0;
				GCC_PREPROCESSOR_DEFINITIONS = (
					"DEBUG=1",
					"$(inherited)",
				);
				GCC_WARN_64_TO_32_BIT_CONVERSION = YES;
				GCC_WARN_ABOUT_RETURN_TYPE = YES_ERROR;
				GCC_WARN_UNDECLARED_SELECTOR = YES;
				GCC_WARN_UNINITIALIZED_AUTOS = YES_AGGRESSIVE;
				GCC_WARN_UNUSED_FUNCTION = YES;
				GCC_WARN_UNUSED_VARIABLE = YES;
				IPHONEOS_DEPLOYMENT_TARGET = 14.5;
				MTL_ENABLE_DEBUG_INFO = INCLUDE_SOURCE;
				MTL_FAST_MATH = YES;
				ONLY_ACTIVE_ARCH = YES;
				SDKROOT = iphoneos;
				SWIFT_ACTIVE_COMPILATION_CONDITIONS = DEBUG;
				SWIFT_OPTIMIZATION_LEVEL = "-Onone";
			};
			name = Debug;
		};
		AB77C831268DC15000A7B986 /* Release */ = {
			isa = XCBuildConfiguration;
			buildSettings = {
				ALWAYS_SEARCH_USER_PATHS = NO;
				CLANG_ANALYZER_NONNULL = YES;
				CLANG_ANALYZER_NUMBER_OBJECT_CONVERSION = YES_AGGRESSIVE;
				CLANG_CXX_LANGUAGE_STANDARD = "gnu++14";
				CLANG_CXX_LIBRARY = "libc++";
				CLANG_ENABLE_MODULES = YES;
				CLANG_ENABLE_OBJC_ARC = YES;
				CLANG_ENABLE_OBJC_WEAK = YES;
				CLANG_WARN_BLOCK_CAPTURE_AUTORELEASING = YES;
				CLANG_WARN_BOOL_CONVERSION = YES;
				CLANG_WARN_COMMA = YES;
				CLANG_WARN_CONSTANT_CONVERSION = YES;
				CLANG_WARN_DEPRECATED_OBJC_IMPLEMENTATIONS = YES;
				CLANG_WARN_DIRECT_OBJC_ISA_USAGE = YES_ERROR;
				CLANG_WARN_DOCUMENTATION_COMMENTS = YES;
				CLANG_WARN_EMPTY_BODY = YES;
				CLANG_WARN_ENUM_CONVERSION = YES;
				CLANG_WARN_INFINITE_RECURSION = YES;
				CLANG_WARN_INT_CONVERSION = YES;
				CLANG_WARN_NON_LITERAL_NULL_CONVERSION = YES;
				CLANG_WARN_OBJC_IMPLICIT_RETAIN_SELF = YES;
				CLANG_WARN_OBJC_LITERAL_CONVERSION = YES;
				CLANG_WARN_OBJC_ROOT_CLASS = YES_ERROR;
				CLANG_WARN_QUOTED_INCLUDE_IN_FRAMEWORK_HEADER = YES;
				CLANG_WARN_RANGE_LOOP_ANALYSIS = YES;
				CLANG_WARN_STRICT_PROTOTYPES = YES;
				CLANG_WARN_SUSPICIOUS_MOVE = YES;
				CLANG_WARN_UNGUARDED_AVAILABILITY = YES_AGGRESSIVE;
				CLANG_WARN_UNREACHABLE_CODE = YES;
				CLANG_WARN__DUPLICATE_METHOD_MATCH = YES;
				COPY_PHASE_STRIP = NO;
				DEBUG_INFORMATION_FORMAT = "dwarf-with-dsym";
				ENABLE_NS_ASSERTIONS = NO;
				ENABLE_STRICT_OBJC_MSGSEND = YES;
				GCC_C_LANGUAGE_STANDARD = gnu11;
				GCC_NO_COMMON_BLOCKS = YES;
				GCC_WARN_64_TO_32_BIT_CONVERSION = YES;
				GCC_WARN_ABOUT_RETURN_TYPE = YES_ERROR;
				GCC_WARN_UNDECLARED_SELECTOR = YES;
				GCC_WARN_UNINITIALIZED_AUTOS = YES_AGGRESSIVE;
				GCC_WARN_UNUSED_FUNCTION = YES;
				GCC_WARN_UNUSED_VARIABLE = YES;
				IPHONEOS_DEPLOYMENT_TARGET = 14.5;
				MTL_ENABLE_DEBUG_INFO = NO;
				MTL_FAST_MATH = YES;
				SDKROOT = iphoneos;
				SWIFT_COMPILATION_MODE = wholemodule;
				SWIFT_OPTIMIZATION_LEVEL = "-O";
				VALIDATE_PRODUCT = YES;
			};
			name = Release;
		};
		AB77C833268DC15000A7B986 /* Debug */ = {
			isa = XCBuildConfiguration;
			buildSettings = {
				ASSETCATALOG_COMPILER_APPICON_NAME = AppIcon;
				ASSETCATALOG_COMPILER_GLOBAL_ACCENT_COLOR_NAME = AccentColor;
				CODE_SIGN_STYLE = Automatic;
				INFOPLIST_FILE = TestTaskTimer/Info.plist;
				LD_RUNPATH_SEARCH_PATHS = (
					"$(inherited)",
					"@executable_path/Frameworks",
				);
				PRODUCT_BUNDLE_IDENTIFIER = lizik.TestTaskTimer;
				PRODUCT_NAME = "$(TARGET_NAME)";
				SWIFT_VERSION = 5.0;
				TARGETED_DEVICE_FAMILY = "1,2";
			};
			name = Debug;
		};
		AB77C834268DC15000A7B986 /* Release */ = {
			isa = XCBuildConfiguration;
			buildSettings = {
				ASSETCATALOG_COMPILER_APPICON_NAME = AppIcon;
				ASSETCATALOG_COMPILER_GLOBAL_ACCENT_COLOR_NAME = AccentColor;
				CODE_SIGN_STYLE = Automatic;
				INFOPLIST_FILE = TestTaskTimer/Info.plist;
				LD_RUNPATH_SEARCH_PATHS = (
					"$(inherited)",
					"@executable_path/Frameworks",
				);
				PRODUCT_BUNDLE_IDENTIFIER = lizik.TestTaskTimer;
				PRODUCT_NAME = "$(TARGET_NAME)";
				SWIFT_VERSION = 5.0;
				TARGETED_DEVICE_FAMILY = "1,2";
			};
			name = Release;
		};
/* End XCBuildConfiguration section */

/* Begin XCConfigurationList section */
		AB77C819268DC14300A7B986 /* Build configuration list for PBXProject "TestTaskTimer" */ = {
			isa = XCConfigurationList;
			buildConfigurations = (
				AB77C830268DC15000A7B986 /* Debug */,
				AB77C831268DC15000A7B986 /* Release */,
			);
			defaultConfigurationIsVisible = 0;
			defaultConfigurationName = Release;
		};
		AB77C832268DC15000A7B986 /* Build configuration list for PBXNativeTarget "TestTaskTimer" */ = {
			isa = XCConfigurationList;
			buildConfigurations = (
				AB77C833268DC15000A7B986 /* Debug */,
				AB77C834268DC15000A7B986 /* Release */,
			);
			defaultConfigurationIsVisible = 0;
			defaultConfigurationName = Release;
		};
/* End XCConfigurationList section */
	};
	rootObject = AB77C816268DC14300A7B986 /* Project object */;
}
